
Microsoft Visual Studio Solution File, Format Version 12.00
# Visual Studio Version 17
VisualStudioVersion = 17.6.33829.357
MinimumVisualStudioVersion = 10.0.40219.1
Project("{FAE04EC0-301F-11D3-BF4B-00C04F79EFBC}") = "Week10API", "Week10API\Week10API.csproj", "{4A08A9DC-29C4-4160-B547-4E8973DE306A}"
EndProject
Global
	GlobalSection(SolutionConfigurationPlatforms) = preSolution
		Debug|Any CPU = Debug|Any CPU
		Release|Any CPU = Release|Any CPU
	EndGlobalSection
	GlobalSection(ProjectConfigurationPlatforms) = postSolution
		{4A08A9DC-29C4-4160-B547-4E8973DE306A}.Debug|Any CPU.ActiveCfg = Debug|Any CPU
		{4A08A9DC-29C4-4160-B547-4E8973DE306A}.Debug|Any CPU.Build.0 = Debug|Any CPU
		{4A08A9DC-29C4-4160-B547-4E8973DE306A}.Release|Any CPU.ActiveCfg = Release|Any CPU
		{4A08A9DC-29C4-4160-B547-4E8973DE306A}.Release|Any CPU.Build.0 = Release|Any CPU
	EndGlobalSection
	GlobalSection(SolutionProperties) = preSolution
		HideSolutionNode = FALSE
	EndGlobalSection
	GlobalSection(ExtensibilityGlobals) = postSolution
		SolutionGuid = {3CDD8ED7-51A5-4F02-A69F-AC5BFC28A8F0}
	EndGlobalSection
EndGlobal
